
Microsoft Visual Studio Solution File, Format Version 12.00
# Visual Studio Version 16
VisualStudioVersion = 16.0.30128.74
MinimumVisualStudioVersion = 10.0.40219.1
Project("{9A19103F-16F7-4668-BE54-9A1E7A4F7556}") = "Task8_v19", "Tas8_v19\Task8_v19.csproj", "{E48D0BE8-CA67-443E-903B-F5FD6791AD1E}"
EndProject
Project("{9A19103F-16F7-4668-BE54-9A1E7A4F7556}") = "Task9_v37", "task9_v37\Task9_v37.csproj", "{B87127DA-84E3-48EE-BE9F-6EEE09F36863}"
EndProject
Project("{9A19103F-16F7-4668-BE54-9A1E7A4F7556}") = "Task7_v17", "Task7_v17\Task7_v17.csproj", "{33D82AC7-C27A-4754-9C07-B046B4B58785}"
EndProject
Project("{9A19103F-16F7-4668-BE54-9A1E7A4F7556}") = "Task6_v10", "Task6_v10\Task6_v10.csproj", "{D0DCA30A-4DDE-4083-9796-6859A8704016}"
EndProject
Project("{9A19103F-16F7-4668-BE54-9A1E7A4F7556}") = "Task3_v59z", "Task3_v59z\Task3_v59z.csproj", "{BC4B35EF-9538-46DC-8A28-E75510D330C4}"
EndProject
Project("{9A19103F-16F7-4668-BE54-9A1E7A4F7556}") = "Task4_v439", "Task4_v439\Task4_v439.csproj", "{B4B57E07-B040-411B-B0B7-34293F1441FC}"
EndProject
Project("{9A19103F-16F7-4668-BE54-9A1E7A4F7556}") = "Task5_v692g", "Task5_v692g\Task5_v692g.csproj", "{22FBC209-6C13-4A41-B851-4D538C2C0944}"
EndProject
Project("{9A19103F-16F7-4668-BE54-9A1E7A4F7556}") = "Task10_v531", "Task10_v531\Task10_v531.csproj", "{56D1C2CD-49F1-4161-A50C-E3608EE623B7}"
EndProject
Project("{9A19103F-16F7-4668-BE54-9A1E7A4F7556}") = "Task12_v4,5", "Task12_v4,5\Task12_v4,5.csproj", "{8787A9FC-30C1-4807-BD1B-328B723CDB98}"
EndProject
Project("{8BC9CEB8-8B4A-11D0-8D11-00A0C91BC942}") = "Task2_v816", "Task2_v816\Task2_v816.vcxproj", "{19260A2F-820F-46BC-9406-8AFB3EF8BDB4}"
EndProject
Project("{FAE04EC0-301F-11D3-BF4B-00C04F79EFBC}") = "Task11_v839", "Task11_v839\Task11_v839.csproj", "{04E0FA79-73FE-4DF5-9918-8CE363C854CE}"
EndProject
Project("{8BC9CEB8-8B4A-11D0-8D11-00A0C91BC942}") = "Task1_v67", "Task1_v67\Task1_v67.vcxproj", "{C36D27CA-C1FF-4BFB-A887-7DFE88FEC1C6}"
EndProject
Global
	GlobalSection(SolutionConfigurationPlatforms) = preSolution
		Debug|Any CPU = Debug|Any CPU
		Debug|x64 = Debug|x64
		Debug|x86 = Debug|x86
		Release|Any CPU = Release|Any CPU
		Release|x64 = Release|x64
		Release|x86 = Release|x86
	EndGlobalSection
	GlobalSection(ProjectConfigurationPlatforms) = postSolution
		{E48D0BE8-CA67-443E-903B-F5FD6791AD1E}.Debug|Any CPU.ActiveCfg = Debug|Any CPU
		{E48D0BE8-CA67-443E-903B-F5FD6791AD1E}.Debug|Any CPU.Build.0 = Debug|Any CPU
		{E48D0BE8-CA67-443E-903B-F5FD6791AD1E}.Debug|x64.ActiveCfg = Debug|Any CPU
		{E48D0BE8-CA67-443E-903B-F5FD6791AD1E}.Debug|x64.Build.0 = Debug|Any CPU
		{E48D0BE8-CA67-443E-903B-F5FD6791AD1E}.Debug|x86.ActiveCfg = Debug|Any CPU
		{E48D0BE8-CA67-443E-903B-F5FD6791AD1E}.Debug|x86.Build.0 = Debug|Any CPU
		{E48D0BE8-CA67-443E-903B-F5FD6791AD1E}.Release|Any CPU.ActiveCfg = Release|Any CPU
		{E48D0BE8-CA67-443E-903B-F5FD6791AD1E}.Release|Any CPU.Build.0 = Release|Any CPU
		{E48D0BE8-CA67-443E-903B-F5FD6791AD1E}.Release|x64.ActiveCfg = Release|Any CPU
		{E48D0BE8-CA67-443E-903B-F5FD6791AD1E}.Release|x64.Build.0 = Release|Any CPU
		{E48D0BE8-CA67-443E-903B-F5FD6791AD1E}.Release|x86.ActiveCfg = Release|Any CPU
		{E48D0BE8-CA67-443E-903B-F5FD6791AD1E}.Release|x86.Build.0 = Release|Any CPU
		{B87127DA-84E3-48EE-BE9F-6EEE09F36863}.Debug|Any CPU.ActiveCfg = Debug|Any CPU
		{B87127DA-84E3-48EE-BE9F-6EEE09F36863}.Debug|Any CPU.Build.0 = Debug|Any CPU
		{B87127DA-84E3-48EE-BE9F-6EEE09F36863}.Debug|x64.ActiveCfg = Debug|Any CPU
		{B87127DA-84E3-48EE-BE9F-6EEE09F36863}.Debug|x64.Build.0 = Debug|Any CPU
		{B87127DA-84E3-48EE-BE9F-6EEE09F36863}.Debug|x86.ActiveCfg = Debug|Any CPU
		{B87127DA-84E3-48EE-BE9F-6EEE09F36863}.Debug|x86.Build.0 = Debug|Any CPU
		{B87127DA-84E3-48EE-BE9F-6EEE09F36863}.Release|Any CPU.ActiveCfg = Release|Any CPU
		{B87127DA-84E3-48EE-BE9F-6EEE09F36863}.Release|Any CPU.Build.0 = Release|Any CPU
		{B87127DA-84E3-48EE-BE9F-6EEE09F36863}.Release|x64.ActiveCfg = Release|Any CPU
		{B87127DA-84E3-48EE-BE9F-6EEE09F36863}.Release|x64.Build.0 = Release|Any CPU
		{B87127DA-84E3-48EE-BE9F-6EEE09F36863}.Release|x86.ActiveCfg = Release|Any CPU
		{B87127DA-84E3-48EE-BE9F-6EEE09F36863}.Release|x86.Build.0 = Release|Any CPU
		{33D82AC7-C27A-4754-9C07-B046B4B58785}.Debug|Any CPU.ActiveCfg = Debug|Any CPU
		{33D82AC7-C27A-4754-9C07-B046B4B58785}.Debug|Any CPU.Build.0 = Debug|Any CPU
		{33D82AC7-C27A-4754-9C07-B046B4B58785}.Debug|x64.ActiveCfg = Debug|Any CPU
		{33D82AC7-C27A-4754-9C07-B046B4B58785}.Debug|x64.Build.0 = Debug|Any CPU
		{33D82AC7-C27A-4754-9C07-B046B4B58785}.Debug|x86.ActiveCfg = Debug|Any CPU
		{33D82AC7-C27A-4754-9C07-B046B4B58785}.Debug|x86.Build.0 = Debug|Any CPU
		{33D82AC7-C27A-4754-9C07-B046B4B58785}.Release|Any CPU.ActiveCfg = Release|Any CPU
		{33D82AC7-C27A-4754-9C07-B046B4B58785}.Release|Any CPU.Build.0 = Release|Any CPU
		{33D82AC7-C27A-4754-9C07-B046B4B58785}.Release|x64.ActiveCfg = Release|Any CPU
		{33D82AC7-C27A-4754-9C07-B046B4B58785}.Release|x64.Build.0 = Release|Any CPU
		{33D82AC7-C27A-4754-9C07-B046B4B58785}.Release|x86.ActiveCfg = Release|Any CPU
		{33D82AC7-C27A-4754-9C07-B046B4B58785}.Release|x86.Build.0 = Release|Any CPU
		{D0DCA30A-4DDE-4083-9796-6859A8704016}.Debug|Any CPU.ActiveCfg = Debug|Any CPU
		{D0DCA30A-4DDE-4083-9796-6859A8704016}.Debug|Any CPU.Build.0 = Debug|Any CPU
		{D0DCA30A-4DDE-4083-9796-6859A8704016}.Debug|x64.ActiveCfg = Debug|Any CPU
		{D0DCA30A-4DDE-4083-9796-6859A8704016}.Debug|x64.Build.0 = Debug|Any CPU
		{D0DCA30A-4DDE-4083-9796-6859A8704016}.Debug|x86.ActiveCfg = Debug|Any CPU
		{D0DCA30A-4DDE-4083-9796-6859A8704016}.Debug|x86.Build.0 = Debug|Any CPU
		{D0DCA30A-4DDE-4083-9796-6859A8704016}.Release|Any CPU.ActiveCfg = Release|Any CPU
		{D0DCA30A-4DDE-4083-9796-6859A8704016}.Release|Any CPU.Build.0 = Release|Any CPU
		{D0DCA30A-4DDE-4083-9796-6859A8704016}.Release|x64.ActiveCfg = Release|Any CPU
		{D0DCA30A-4DDE-4083-9796-6859A8704016}.Release|x64.Build.0 = Release|Any CPU
		{D0DCA30A-4DDE-4083-9796-6859A8704016}.Release|x86.ActiveCfg = Release|Any CPU
		{D0DCA30A-4DDE-4083-9796-6859A8704016}.Release|x86.Build.0 = Release|Any CPU
		{BC4B35EF-9538-46DC-8A28-E75510D330C4}.Debug|Any CPU.ActiveCfg = Debug|Any CPU
		{BC4B35EF-9538-46DC-8A28-E75510D330C4}.Debug|Any CPU.Build.0 = Debug|Any CPU
		{BC4B35EF-9538-46DC-8A28-E75510D330C4}.Debug|x64.ActiveCfg = Debug|Any CPU
		{BC4B35EF-9538-46DC-8A28-E75510D330C4}.Debug|x64.Build.0 = Debug|Any CPU
		{BC4B35EF-9538-46DC-8A28-E75510D330C4}.Debug|x86.ActiveCfg = Debug|Any CPU
		{BC4B35EF-9538-46DC-8A28-E75510D330C4}.Debug|x86.Build.0 = Debug|Any CPU
		{BC4B35EF-9538-46DC-8A28-E75510D330C4}.Release|Any CPU.ActiveCfg = Release|Any CPU
		{BC4B35EF-9538-46DC-8A28-E75510D330C4}.Release|Any CPU.Build.0 = Release|Any CPU
		{BC4B35EF-9538-46DC-8A28-E75510D330C4}.Release|x64.ActiveCfg = Release|Any CPU
		{BC4B35EF-9538-46DC-8A28-E75510D330C4}.Release|x64.Build.0 = Release|Any CPU
		{BC4B35EF-9538-46DC-8A28-E75510D330C4}.Release|x86.ActiveCfg = Release|Any CPU
		{BC4B35EF-9538-46DC-8A28-E75510D330C4}.Release|x86.Build.0 = Release|Any CPU
		{B4B57E07-B040-411B-B0B7-34293F1441FC}.Debug|Any CPU.ActiveCfg = Debug|Any CPU
		{B4B57E07-B040-411B-B0B7-34293F1441FC}.Debug|Any CPU.Build.0 = Debug|Any CPU
		{B4B57E07-B040-411B-B0B7-34293F1441FC}.Debug|x64.ActiveCfg = Debug|Any CPU
		{B4B57E07-B040-411B-B0B7-34293F1441FC}.Debug|x64.Build.0 = Debug|Any CPU
		{B4B57E07-B040-411B-B0B7-34293F1441FC}.Debug|x86.ActiveCfg = Debug|Any CPU
		{B4B57E07-B040-411B-B0B7-34293F1441FC}.Debug|x86.Build.0 = Debug|Any CPU
		{B4B57E07-B040-411B-B0B7-34293F1441FC}.Release|Any CPU.ActiveCfg = Release|Any CPU
		{B4B57E07-B040-411B-B0B7-34293F1441FC}.Release|Any CPU.Build.0 = Release|Any CPU
		{B4B57E07-B040-411B-B0B7-34293F1441FC}.Release|x64.ActiveCfg = Release|Any CPU
		{B4B57E07-B040-411B-B0B7-34293F1441FC}.Release|x64.Build.0 = Release|Any CPU
		{B4B57E07-B040-411B-B0B7-34293F1441FC}.Release|x86.ActiveCfg = Release|Any CPU
		{B4B57E07-B040-411B-B0B7-34293F1441FC}.Release|x86.Build.0 = Release|Any CPU
		{22FBC209-6C13-4A41-B851-4D538C2C0944}.Debug|Any CPU.ActiveCfg = Debug|Any CPU
		{22FBC209-6C13-4A41-B851-4D538C2C0944}.Debug|Any CPU.Build.0 = Debug|Any CPU
		{22FBC209-6C13-4A41-B851-4D538C2C0944}.Debug|x64.ActiveCfg = Debug|Any CPU
		{22FBC209-6C13-4A41-B851-4D538C2C0944}.Debug|x64.Build.0 = Debug|Any CPU
		{22FBC209-6C13-4A41-B851-4D538C2C0944}.Debug|x86.ActiveCfg = Debug|Any CPU
		{22FBC209-6C13-4A41-B851-4D538C2C0944}.Debug|x86.Build.0 = Debug|Any CPU
		{22FBC209-6C13-4A41-B851-4D538C2C0944}.Release|Any CPU.ActiveCfg = Release|Any CPU
		{22FBC209-6C13-4A41-B851-4D538C2C0944}.Release|Any CPU.Build.0 = Release|Any CPU
		{22FBC209-6C13-4A41-B851-4D538C2C0944}.Release|x64.ActiveCfg = Release|Any CPU
		{22FBC209-6C13-4A41-B851-4D538C2C0944}.Release|x64.Build.0 = Release|Any CPU
		{22FBC209-6C13-4A41-B851-4D538C2C0944}.Release|x86.ActiveCfg = Release|Any CPU
		{22FBC209-6C13-4A41-B851-4D538C2C0944}.Release|x86.Build.0 = Release|Any CPU
		{56D1C2CD-49F1-4161-A50C-E3608EE623B7}.Debug|Any CPU.ActiveCfg = Debug|Any CPU
		{56D1C2CD-49F1-4161-A50C-E3608EE623B7}.Debug|Any CPU.Build.0 = Debug|Any CPU
		{56D1C2CD-49F1-4161-A50C-E3608EE623B7}.Debug|x64.ActiveCfg = Debug|Any CPU
		{56D1C2CD-49F1-4161-A50C-E3608EE623B7}.Debug|x64.Build.0 = Debug|Any CPU
		{56D1C2CD-49F1-4161-A50C-E3608EE623B7}.Debug|x86.ActiveCfg = Debug|Any CPU
		{56D1C2CD-49F1-4161-A50C-E3608EE623B7}.Debug|x86.Build.0 = Debug|Any CPU
		{56D1C2CD-49F1-4161-A50C-E3608EE623B7}.Release|Any CPU.ActiveCfg = Release|Any CPU
		{56D1C2CD-49F1-4161-A50C-E3608EE623B7}.Release|Any CPU.Build.0 = Release|Any CPU
		{56D1C2CD-49F1-4161-A50C-E3608EE623B7}.Release|x64.ActiveCfg = Release|Any CPU
		{56D1C2CD-49F1-4161-A50C-E3608EE623B7}.Release|x64.Build.0 = Release|Any CPU
		{56D1C2CD-49F1-4161-A50C-E3608EE623B7}.Release|x86.ActiveCfg = Release|Any CPU
		{56D1C2CD-49F1-4161-A50C-E3608EE623B7}.Release|x86.Build.0 = Release|Any CPU
		{8787A9FC-30C1-4807-BD1B-328B723CDB98}.Debug|Any CPU.ActiveCfg = Debug|Any CPU
		{8787A9FC-30C1-4807-BD1B-328B723CDB98}.Debug|Any CPU.Build.0 = Debug|Any CPU
		{8787A9FC-30C1-4807-BD1B-328B723CDB98}.Debug|x64.ActiveCfg = Debug|Any CPU
		{8787A9FC-30C1-4807-BD1B-328B723CDB98}.Debug|x64.Build.0 = Debug|Any CPU
		{8787A9FC-30C1-4807-BD1B-328B723CDB98}.Debug|x86.ActiveCfg = Debug|Any CPU
		{8787A9FC-30C1-4807-BD1B-328B723CDB98}.Debug|x86.Build.0 = Debug|Any CPU
		{8787A9FC-30C1-4807-BD1B-328B723CDB98}.Release|Any CPU.ActiveCfg = Release|Any CPU
		{8787A9FC-30C1-4807-BD1B-328B723CDB98}.Release|Any CPU.Build.0 = Release|Any CPU
		{8787A9FC-30C1-4807-BD1B-328B723CDB98}.Release|x64.ActiveCfg = Release|Any CPU
		{8787A9FC-30C1-4807-BD1B-328B723CDB98}.Release|x64.Build.0 = Release|Any CPU
		{8787A9FC-30C1-4807-BD1B-328B723CDB98}.Release|x86.ActiveCfg = Release|Any CPU
		{8787A9FC-30C1-4807-BD1B-328B723CDB98}.Release|x86.Build.0 = Release|Any CPU
		{19260A2F-820F-46BC-9406-8AFB3EF8BDB4}.Debug|Any CPU.ActiveCfg = Debug|Win32
		{19260A2F-820F-46BC-9406-8AFB3EF8BDB4}.Debug|x64.ActiveCfg = Debug|x64
		{19260A2F-820F-46BC-9406-8AFB3EF8BDB4}.Debug|x64.Build.0 = Debug|x64
		{19260A2F-820F-46BC-9406-8AFB3EF8BDB4}.Debug|x86.ActiveCfg = Debug|Win32
		{19260A2F-820F-46BC-9406-8AFB3EF8BDB4}.Debug|x86.Build.0 = Debug|Win32
		{19260A2F-820F-46BC-9406-8AFB3EF8BDB4}.Release|Any CPU.ActiveCfg = Release|Win32
		{19260A2F-820F-46BC-9406-8AFB3EF8BDB4}.Release|x64.ActiveCfg = Release|x64
		{19260A2F-820F-46BC-9406-8AFB3EF8BDB4}.Release|x64.Build.0 = Release|x64
		{19260A2F-820F-46BC-9406-8AFB3EF8BDB4}.Release|x86.ActiveCfg = Release|Win32
		{19260A2F-820F-46BC-9406-8AFB3EF8BDB4}.Release|x86.Build.0 = Release|Win32
		{04E0FA79-73FE-4DF5-9918-8CE363C854CE}.Debug|Any CPU.ActiveCfg = Debug|Any CPU
		{04E0FA79-73FE-4DF5-9918-8CE363C854CE}.Debug|Any CPU.Build.0 = Debug|Any CPU
		{04E0FA79-73FE-4DF5-9918-8CE363C854CE}.Debug|x64.ActiveCfg = Debug|Any CPU
		{04E0FA79-73FE-4DF5-9918-8CE363C854CE}.Debug|x64.Build.0 = Debug|Any CPU
		{04E0FA79-73FE-4DF5-9918-8CE363C854CE}.Debug|x86.ActiveCfg = Debug|Any CPU
		{04E0FA79-73FE-4DF5-9918-8CE363C854CE}.Debug|x86.Build.0 = Debug|Any CPU
		{04E0FA79-73FE-4DF5-9918-8CE363C854CE}.Release|Any CPU.ActiveCfg = Release|Any CPU
		{04E0FA79-73FE-4DF5-9918-8CE363C854CE}.Release|Any CPU.Build.0 = Release|Any CPU
		{04E0FA79-73FE-4DF5-9918-8CE363C854CE}.Release|x64.ActiveCfg = Release|Any CPU
		{04E0FA79-73FE-4DF5-9918-8CE363C854CE}.Release|x64.Build.0 = Release|Any CPU
		{04E0FA79-73FE-4DF5-9918-8CE363C854CE}.Release|x86.ActiveCfg = Release|Any CPU
		{04E0FA79-73FE-4DF5-9918-8CE363C854CE}.Release|x86.Build.0 = Release|Any CPU
		{C36D27CA-C1FF-4BFB-A887-7DFE88FEC1C6}.Debug|Any CPU.ActiveCfg = Debug|Win32
		{C36D27CA-C1FF-4BFB-A887-7DFE88FEC1C6}.Debug|x64.ActiveCfg = Debug|x64
		{C36D27CA-C1FF-4BFB-A887-7DFE88FEC1C6}.Debug|x64.Build.0 = Debug|x64
		{C36D27CA-C1FF-4BFB-A887-7DFE88FEC1C6}.Debug|x86.ActiveCfg = Debug|Win32
		{C36D27CA-C1FF-4BFB-A887-7DFE88FEC1C6}.Debug|x86.Build.0 = Debug|Win32
		{C36D27CA-C1FF-4BFB-A887-7DFE88FEC1C6}.Release|Any CPU.ActiveCfg = Release|Win32
		{C36D27CA-C1FF-4BFB-A887-7DFE88FEC1C6}.Release|x64.ActiveCfg = Release|x64
		{C36D27CA-C1FF-4BFB-A887-7DFE88FEC1C6}.Release|x64.Build.0 = Release|x64
		{C36D27CA-C1FF-4BFB-A887-7DFE88FEC1C6}.Release|x86.ActiveCfg = Release|Win32
		{C36D27CA-C1FF-4BFB-A887-7DFE88FEC1C6}.Release|x86.Build.0 = Release|Win32
	EndGlobalSection
	GlobalSection(SolutionProperties) = preSolution
		HideSolutionNode = FALSE
	EndGlobalSection
	GlobalSection(ExtensibilityGlobals) = postSolution
		SolutionGuid = {7F1DD94D-0129-49D7-A5D0-D5F72E0796FA}
	EndGlobalSection
EndGlobal
