
Microsoft Visual Studio Solution File, Format Version 12.00
# Visual Studio Version 16
VisualStudioVersion = 16.0.30128.74
MinimumVisualStudioVersion = 10.0.40219.1
Project("{FAE04EC0-301F-11D3-BF4B-00C04F79EFBC}") = "Practice", "Practice\Practice.csproj", "{CF14038E-9771-4627-9B0A-00DEF7650FFA}"
EndProject
Global
	GlobalSection(SolutionConfigurationPlatforms) = preSolution
		Debug|Any CPU = Debug|Any CPU
		Release|Any CPU = Release|Any CPU
	EndGlobalSection
	GlobalSection(ProjectConfigurationPlatforms) = postSolution
		{CF14038E-9771-4627-9B0A-00DEF7650FFA}.Debug|Any CPU.ActiveCfg = Debug|Any CPU
		{CF14038E-9771-4627-9B0A-00DEF7650FFA}.Debug|Any CPU.Build.0 = Debug|Any CPU
		{CF14038E-9771-4627-9B0A-00DEF7650FFA}.Release|Any CPU.ActiveCfg = Release|Any CPU
		{CF14038E-9771-4627-9B0A-00DEF7650FFA}.Release|Any CPU.Build.0 = Release|Any CPU
	EndGlobalSection
	GlobalSection(SolutionProperties) = preSolution
		HideSolutionNode = FALSE
	EndGlobalSection
	GlobalSection(ExtensibilityGlobals) = postSolution
		SolutionGuid = {8B8AEE5B-7FAE-4229-9C75-D537C657F786}
	EndGlobalSection
EndGlobal
